<?xml version="1.0" encoding="UTF-8" standalone="yes" ?>
<CodeBlocks_project_file>
	<FileVersion major="1" minor="6" />
	<Project>
		<Option title="OpenGL" />
		<Option pch_mode="2" />
		<Option compiler="gcc" />
		<Build>
			<Target title="Debug">
				<Option output="bin/Debug/OpenGL" prefix_auto="1" extension_auto="1" />
				<Option object_output="obj/Debug/" />
				<Option type="1" />
				<Option compiler="gcc" />
				<Compiler>
					<Add option="-g" />
				</Compiler>
			</Target>
			<Target title="Release">
				<Option output="bin/Release/OpenGL" prefix_auto="1" extension_auto="1" />
				<Option object_output="obj/Release/" />
				<Option type="1" />
				<Option compiler="gcc" />
				<Compiler>
					<Add option="-O2" />
				</Compiler>
				<Linker>
					<Add option="-s" />
				</Linker>
			</Target>
		</Build>
		<Compiler>
			<Add option="-Wall" />
			<Add option="-DGLEW_STATIC" />
			<Add directory="src/dep" />
			<Add directory="src/noise" />
			<Add directory="src/engine" />
		</Compiler>
		<Linker>
			<Add library="glfw3" />
			<Add library="glew32s" />
			<Add library="opengl32" />
			<Add directory="C:/Users/loren/Documents/Programming/CodeBlocks/Dependencies/GLFW/dll" />
			<Add directory="src/dep" />
			<Add directory="src/noise" />
			<Add directory="src/engine" />
		</Linker>
		<Unit filename="res/shaders/basicFragment.shader" />
		<Unit filename="res/shaders/basicVertex.shader" />
		<Unit filename="res/shaders/blockFragment.shader" />
		<Unit filename="res/shaders/blockVertex.shader" />
		<Unit filename="src/camera.c">
			<Option compilerVar="CC" />
		</Unit>
		<Unit filename="src/camera.h" />
		<Unit filename="src/cube.c">
			<Option compilerVar="CC" />
		</Unit>
		<Unit filename="src/cube.h" />
		<Unit filename="src/dep/cglm/affine-mat.h" />
		<Unit filename="src/dep/cglm/affine.h" />
		<Unit filename="src/dep/cglm/bezier.h" />
		<Unit filename="src/dep/cglm/box.h" />
		<Unit filename="src/dep/cglm/call.h" />
		<Unit filename="src/dep/cglm/call/affine.h" />
		<Unit filename="src/dep/cglm/call/bezier.h" />
		<Unit filename="src/dep/cglm/call/box.h" />
		<Unit filename="src/dep/cglm/call/cam.h" />
		<Unit filename="src/dep/cglm/call/curve.h" />
		<Unit filename="src/dep/cglm/call/ease.h" />
		<Unit filename="src/dep/cglm/call/euler.h" />
		<Unit filename="src/dep/cglm/call/frustum.h" />
		<Unit filename="src/dep/cglm/call/io.h" />
		<Unit filename="src/dep/cglm/call/mat3.h" />
		<Unit filename="src/dep/cglm/call/mat4.h" />
		<Unit filename="src/dep/cglm/call/plane.h" />
		<Unit filename="src/dep/cglm/call/project.h" />
		<Unit filename="src/dep/cglm/call/quat.h" />
		<Unit filename="src/dep/cglm/call/sphere.h" />
		<Unit filename="src/dep/cglm/call/vec3.h" />
		<Unit filename="src/dep/cglm/call/vec4.h" />
		<Unit filename="src/dep/cglm/cam.h" />
		<Unit filename="src/dep/cglm/cglm.h" />
		<Unit filename="src/dep/cglm/color.h" />
		<Unit filename="src/dep/cglm/common.h" />
		<Unit filename="src/dep/cglm/curve.h" />
		<Unit filename="src/dep/cglm/ease.h" />
		<Unit filename="src/dep/cglm/euler.h" />
		<Unit filename="src/dep/cglm/frustum.h" />
		<Unit filename="src/dep/cglm/io.h" />
		<Unit filename="src/dep/cglm/mat3.h" />
		<Unit filename="src/dep/cglm/mat4.h" />
		<Unit filename="src/dep/cglm/plane.h" />
		<Unit filename="src/dep/cglm/project.h" />
		<Unit filename="src/dep/cglm/quat.h" />
		<Unit filename="src/dep/cglm/simd/arm.h" />
		<Unit filename="src/dep/cglm/simd/avx/affine.h" />
		<Unit filename="src/dep/cglm/simd/avx/mat4.h" />
		<Unit filename="src/dep/cglm/simd/intrin.h" />
		<Unit filename="src/dep/cglm/simd/neon/mat4.h" />
		<Unit filename="src/dep/cglm/simd/sse2/affine.h" />
		<Unit filename="src/dep/cglm/simd/sse2/mat3.h" />
		<Unit filename="src/dep/cglm/simd/sse2/mat4.h" />
		<Unit filename="src/dep/cglm/simd/sse2/quat.h" />
		<Unit filename="src/dep/cglm/simd/x86.h" />
		<Unit filename="src/dep/cglm/sphere.h" />
		<Unit filename="src/dep/cglm/struct.h" />
		<Unit filename="src/dep/cglm/struct/affine.h" />
		<Unit filename="src/dep/cglm/struct/box.h" />
		<Unit filename="src/dep/cglm/struct/cam.h" />
		<Unit filename="src/dep/cglm/struct/color.h" />
		<Unit filename="src/dep/cglm/struct/curve.h" />
		<Unit filename="src/dep/cglm/struct/euler.h" />
		<Unit filename="src/dep/cglm/struct/frustum.h" />
		<Unit filename="src/dep/cglm/struct/io.h" />
		<Unit filename="src/dep/cglm/struct/mat3.h" />
		<Unit filename="src/dep/cglm/struct/mat4.h" />
		<Unit filename="src/dep/cglm/struct/plane.h" />
		<Unit filename="src/dep/cglm/struct/project.h" />
		<Unit filename="src/dep/cglm/struct/quat.h" />
		<Unit filename="src/dep/cglm/struct/sphere.h" />
		<Unit filename="src/dep/cglm/struct/vec3-ext.h" />
		<Unit filename="src/dep/cglm/struct/vec3.h" />
		<Unit filename="src/dep/cglm/struct/vec4-ext.h" />
		<Unit filename="src/dep/cglm/struct/vec4.h" />
		<Unit filename="src/dep/cglm/types-struct.h" />
		<Unit filename="src/dep/cglm/types.h" />
		<Unit filename="src/dep/cglm/util.h" />
		<Unit filename="src/dep/cglm/vec3-ext.h" />
		<Unit filename="src/dep/cglm/vec3.h" />
		<Unit filename="src/dep/cglm/vec4-ext.h" />
		<Unit filename="src/dep/cglm/vec4.h" />
		<Unit filename="src/dep/cglm/version.h" />
		<Unit filename="src/dep/stb_image.c">
			<Option compilerVar="CC" />
		</Unit>
		<Unit filename="src/dep/stb_image.h" />
		<Unit filename="src/engine/indexBuffer.c">
			<Option compilerVar="CC" />
		</Unit>
		<Unit filename="src/engine/indexBuffer.h" />
		<Unit filename="src/engine/program.c">
			<Option compilerVar="CC" />
		</Unit>
		<Unit filename="src/engine/program.h" />
		<Unit filename="src/engine/shader.c">
			<Option compilerVar="CC" />
		</Unit>
		<Unit filename="src/engine/shader.h" />
		<Unit filename="src/engine/texture.c">
			<Option compilerVar="CC" />
		</Unit>
		<Unit filename="src/engine/texture.h" />
		<Unit filename="src/engine/utils.c">
			<Option compilerVar="CC" />
		</Unit>
		<Unit filename="src/engine/utils.h" />
		<Unit filename="src/engine/vertexArray.c">
			<Option compilerVar="CC" />
		</Unit>
		<Unit filename="src/engine/vertexArray.h" />
		<Unit filename="src/engine/vertexBuffer.c">
			<Option compilerVar="CC" />
		</Unit>
		<Unit filename="src/engine/vertexBuffer.h" />
		<Unit filename="src/gameState.c">
			<Option compilerVar="CC" />
		</Unit>
		<Unit filename="src/gameState.h" />
		<Unit filename="src/global.c">
			<Option compilerVar="CC" />
		</Unit>
		<Unit filename="src/global.h" />
		<Unit filename="src/main.c">
			<Option compilerVar="CC" />
		</Unit>
		<Unit filename="src/mob.c">
			<Option compilerVar="CC" />
		</Unit>
		<Unit filename="src/mob.h" />
		<Unit filename="src/noise/perlin.c">
			<Option compilerVar="CC" />
		</Unit>
		<Unit filename="src/noise/perlin.h" />
		<Unit filename="src/renderer.c">
			<Option compilerVar="CC" />
		</Unit>
		<Unit filename="src/renderer.h" />
		<Unit filename="src/window.c">
			<Option compilerVar="CC" />
		</Unit>
		<Unit filename="src/window.h" />
		<Unit filename="src/world.c">
			<Option compilerVar="CC" />
		</Unit>
		<Unit filename="src/world.h" />
		<Extensions>
			<code_completion />
			<envvars />
			<debugger />
			<lib_finder disable_auto="1" />
		</Extensions>
	</Project>
</CodeBlocks_project_file>
